
Microsoft Visual Studio Solution File, Format Version 12.00
# Visual Studio Version 17
VisualStudioVersion = 17.0.31903.59
MinimumVisualStudioVersion = 10.0.40219.1
Project("{9A19103F-16F7-4668-BE54-9A1E7A4F7556}") = "quartz.domain", "quartz.domain\quartz.domain.csproj", "{5EEBBE55-9A24-4EBC-808F-D09BF43C4E35}"
EndProject
Project("{9A19103F-16F7-4668-BE54-9A1E7A4F7556}") = "quartz.application", "quartz.application\quartz.application.csproj", "{37EE37D0-4568-4585-ABB0-F845927BF728}"
EndProject
Project("{9A19103F-16F7-4668-BE54-9A1E7A4F7556}") = "quartz.persistence.nhibernate", "quartz.persistence\quartz.persistence.nhibernate.csproj", "{9F76413B-E1B6-4AC4-995D-F8477803EE0C}"
EndProject
Project("{9A19103F-16F7-4668-BE54-9A1E7A4F7556}") = "quartz.api.infrastructure", "quartz.api.infrastructure\quartz.api.infrastructure.csproj", "{7A4D00B7-6807-4D31-9D0E-0E558D871ECC}"
EndProject
Project("{9A19103F-16F7-4668-BE54-9A1E7A4F7556}") = "quartz.api", "quartz.api\quartz.api.csproj", "{C4335917-BED5-48A4-AF2A-F60ABBC29D8D}"
EndProject
Project("{2150E333-8FDC-42A3-9474-1A3956D46DE8}") = "core", "core", "{AD1E248E-C4AB-4049-AC16-A0FB1C1A5240}"
EndProject
Project("{2150E333-8FDC-42A3-9474-1A3956D46DE8}") = "wpf", "wpf", "{A607EB64-59C5-46D5-85B9-4385E807C9FE}"
EndProject
Project("{2150E333-8FDC-42A3-9474-1A3956D46DE8}") = "api", "api", "{1A9E24CC-AC92-40C0-9F86-6BFCF71ABD9B}"
EndProject
Project("{2150E333-8FDC-42A3-9474-1A3956D46DE8}") = "test", "test", "{B2200F80-EDC4-47CE-A3EE-5FAE4D5C9E99}"
EndProject
Project("{FAE04EC0-301F-11D3-BF4B-00C04F79EFBC}") = "quartz.core.domain.test", "quartz.core.domain.test\quartz.core.domain.test.csproj", "{498205D0-0F6B-49BB-BD43-30E67DE56CFF}"
EndProject
Project("{FAE04EC0-301F-11D3-BF4B-00C04F79EFBC}") = "quartz.wpf.common", "quartz.wpf.common\quartz.wpf.common.csproj", "{A19F7C9C-B367-471F-8980-0FC0846E380F}"
EndProject
Project("{FAE04EC0-301F-11D3-BF4B-00C04F79EFBC}") = "quartz.wpf", "quartz.wpf\quartz.wpf.csproj", "{53FF5A17-E649-4255-9595-6AB492F4FE98}"
EndProject
Project("{FAE04EC0-301F-11D3-BF4B-00C04F79EFBC}") = "quartz.application.reservoirs", "quartz.application.reservoirs\quartz.application.reservoirs.csproj", "{18C0747D-5E7F-47CD-A731-007734353365}"
EndProject
Project("{2150E333-8FDC-42A3-9474-1A3956D46DE8}") = "apps", "apps", "{65B9E489-5E71-4640-A4D9-55DBCBF3B7E3}"
EndProject
Project("{2150E333-8FDC-42A3-9474-1A3956D46DE8}") = "reservoirs", "reservoirs", "{89D7AF44-9E59-44F5-813B-4B5E0D4FA7D9}"
EndProject
Project("{2150E333-8FDC-42A3-9474-1A3956D46DE8}") = "logs", "logs", "{32929196-3FE4-450E-9CAA-6761F8279B1B}"
EndProject
Project("{FAE04EC0-301F-11D3-BF4B-00C04F79EFBC}") = "quartz.wpf.logs", "quartz.wpf.logs\quartz.wpf.logs.csproj", "{A4634894-CA55-4BB1-9295-4E4C2E5D1A8A}"
EndProject
Project("{FAE04EC0-301F-11D3-BF4B-00C04F79EFBC}") = "quartz.wpf.logs.test", "quartz.wpf.logs.test\quartz.wpf.logs.test.csproj", "{4D857624-0D43-45B1-8C39-C491347B058E}"
EndProject
Project("{FAE04EC0-301F-11D3-BF4B-00C04F79EFBC}") = "quartz.reservoirs.test", "quartz.reservoirs.test\quartz.reservoirs.test.csproj", "{BDDDB5FD-FD92-4075-B9FF-0ABE2A775EB6}"
EndProject
Project("{2150E333-8FDC-42A3-9474-1A3956D46DE8}") = "vueclient", "vueclient", "{422DF21D-1AEC-441D-8C6F-9317E11DE9DE}"
EndProject
Global
	GlobalSection(SolutionConfigurationPlatforms) = preSolution
		Debug|Any CPU = Debug|Any CPU
		Release|Any CPU = Release|Any CPU
	EndGlobalSection
	GlobalSection(ProjectConfigurationPlatforms) = postSolution
		{5EEBBE55-9A24-4EBC-808F-D09BF43C4E35}.Debug|Any CPU.ActiveCfg = Debug|Any CPU
		{5EEBBE55-9A24-4EBC-808F-D09BF43C4E35}.Debug|Any CPU.Build.0 = Debug|Any CPU
		{5EEBBE55-9A24-4EBC-808F-D09BF43C4E35}.Release|Any CPU.ActiveCfg = Release|Any CPU
		{5EEBBE55-9A24-4EBC-808F-D09BF43C4E35}.Release|Any CPU.Build.0 = Release|Any CPU
		{37EE37D0-4568-4585-ABB0-F845927BF728}.Debug|Any CPU.ActiveCfg = Debug|Any CPU
		{37EE37D0-4568-4585-ABB0-F845927BF728}.Debug|Any CPU.Build.0 = Debug|Any CPU
		{37EE37D0-4568-4585-ABB0-F845927BF728}.Release|Any CPU.ActiveCfg = Release|Any CPU
		{37EE37D0-4568-4585-ABB0-F845927BF728}.Release|Any CPU.Build.0 = Release|Any CPU
		{9F76413B-E1B6-4AC4-995D-F8477803EE0C}.Debug|Any CPU.ActiveCfg = Debug|Any CPU
		{9F76413B-E1B6-4AC4-995D-F8477803EE0C}.Debug|Any CPU.Build.0 = Debug|Any CPU
		{9F76413B-E1B6-4AC4-995D-F8477803EE0C}.Release|Any CPU.ActiveCfg = Release|Any CPU
		{9F76413B-E1B6-4AC4-995D-F8477803EE0C}.Release|Any CPU.Build.0 = Release|Any CPU
		{7A4D00B7-6807-4D31-9D0E-0E558D871ECC}.Debug|Any CPU.ActiveCfg = Debug|Any CPU
		{7A4D00B7-6807-4D31-9D0E-0E558D871ECC}.Debug|Any CPU.Build.0 = Debug|Any CPU
		{7A4D00B7-6807-4D31-9D0E-0E558D871ECC}.Release|Any CPU.ActiveCfg = Release|Any CPU
		{7A4D00B7-6807-4D31-9D0E-0E558D871ECC}.Release|Any CPU.Build.0 = Release|Any CPU
		{C4335917-BED5-48A4-AF2A-F60ABBC29D8D}.Debug|Any CPU.ActiveCfg = Debug|Any CPU
		{C4335917-BED5-48A4-AF2A-F60ABBC29D8D}.Debug|Any CPU.Build.0 = Debug|Any CPU
		{C4335917-BED5-48A4-AF2A-F60ABBC29D8D}.Release|Any CPU.ActiveCfg = Release|Any CPU
		{C4335917-BED5-48A4-AF2A-F60ABBC29D8D}.Release|Any CPU.Build.0 = Release|Any CPU
		{498205D0-0F6B-49BB-BD43-30E67DE56CFF}.Debug|Any CPU.ActiveCfg = Debug|Any CPU
		{498205D0-0F6B-49BB-BD43-30E67DE56CFF}.Debug|Any CPU.Build.0 = Debug|Any CPU
		{498205D0-0F6B-49BB-BD43-30E67DE56CFF}.Release|Any CPU.ActiveCfg = Release|Any CPU
		{498205D0-0F6B-49BB-BD43-30E67DE56CFF}.Release|Any CPU.Build.0 = Release|Any CPU
		{A19F7C9C-B367-471F-8980-0FC0846E380F}.Debug|Any CPU.ActiveCfg = Debug|Any CPU
		{A19F7C9C-B367-471F-8980-0FC0846E380F}.Debug|Any CPU.Build.0 = Debug|Any CPU
		{A19F7C9C-B367-471F-8980-0FC0846E380F}.Release|Any CPU.ActiveCfg = Release|Any CPU
		{A19F7C9C-B367-471F-8980-0FC0846E380F}.Release|Any CPU.Build.0 = Release|Any CPU
		{53FF5A17-E649-4255-9595-6AB492F4FE98}.Debug|Any CPU.ActiveCfg = Debug|Any CPU
		{53FF5A17-E649-4255-9595-6AB492F4FE98}.Debug|Any CPU.Build.0 = Debug|Any CPU
		{53FF5A17-E649-4255-9595-6AB492F4FE98}.Release|Any CPU.ActiveCfg = Release|Any CPU
		{53FF5A17-E649-4255-9595-6AB492F4FE98}.Release|Any CPU.Build.0 = Release|Any CPU
		{18C0747D-5E7F-47CD-A731-007734353365}.Debug|Any CPU.ActiveCfg = Debug|Any CPU
		{18C0747D-5E7F-47CD-A731-007734353365}.Debug|Any CPU.Build.0 = Debug|Any CPU
		{18C0747D-5E7F-47CD-A731-007734353365}.Release|Any CPU.ActiveCfg = Release|Any CPU
		{18C0747D-5E7F-47CD-A731-007734353365}.Release|Any CPU.Build.0 = Release|Any CPU
		{A4634894-CA55-4BB1-9295-4E4C2E5D1A8A}.Debug|Any CPU.ActiveCfg = Debug|Any CPU
		{A4634894-CA55-4BB1-9295-4E4C2E5D1A8A}.Debug|Any CPU.Build.0 = Debug|Any CPU
		{A4634894-CA55-4BB1-9295-4E4C2E5D1A8A}.Release|Any CPU.ActiveCfg = Release|Any CPU
		{A4634894-CA55-4BB1-9295-4E4C2E5D1A8A}.Release|Any CPU.Build.0 = Release|Any CPU
		{4D857624-0D43-45B1-8C39-C491347B058E}.Debug|Any CPU.ActiveCfg = Debug|Any CPU
		{4D857624-0D43-45B1-8C39-C491347B058E}.Debug|Any CPU.Build.0 = Debug|Any CPU
		{4D857624-0D43-45B1-8C39-C491347B058E}.Release|Any CPU.ActiveCfg = Release|Any CPU
		{4D857624-0D43-45B1-8C39-C491347B058E}.Release|Any CPU.Build.0 = Release|Any CPU
		{BDDDB5FD-FD92-4075-B9FF-0ABE2A775EB6}.Debug|Any CPU.ActiveCfg = Debug|Any CPU
		{BDDDB5FD-FD92-4075-B9FF-0ABE2A775EB6}.Debug|Any CPU.Build.0 = Debug|Any CPU
		{BDDDB5FD-FD92-4075-B9FF-0ABE2A775EB6}.Release|Any CPU.ActiveCfg = Release|Any CPU
		{BDDDB5FD-FD92-4075-B9FF-0ABE2A775EB6}.Release|Any CPU.Build.0 = Release|Any CPU
	EndGlobalSection
	GlobalSection(SolutionProperties) = preSolution
		HideSolutionNode = FALSE
	EndGlobalSection
	GlobalSection(NestedProjects) = preSolution
		{5EEBBE55-9A24-4EBC-808F-D09BF43C4E35} = {AD1E248E-C4AB-4049-AC16-A0FB1C1A5240}
		{37EE37D0-4568-4585-ABB0-F845927BF728} = {AD1E248E-C4AB-4049-AC16-A0FB1C1A5240}
		{9F76413B-E1B6-4AC4-995D-F8477803EE0C} = {AD1E248E-C4AB-4049-AC16-A0FB1C1A5240}
		{7A4D00B7-6807-4D31-9D0E-0E558D871ECC} = {1A9E24CC-AC92-40C0-9F86-6BFCF71ABD9B}
		{C4335917-BED5-48A4-AF2A-F60ABBC29D8D} = {1A9E24CC-AC92-40C0-9F86-6BFCF71ABD9B}
		{498205D0-0F6B-49BB-BD43-30E67DE56CFF} = {B2200F80-EDC4-47CE-A3EE-5FAE4D5C9E99}
		{A19F7C9C-B367-471F-8980-0FC0846E380F} = {A607EB64-59C5-46D5-85B9-4385E807C9FE}
		{53FF5A17-E649-4255-9595-6AB492F4FE98} = {A607EB64-59C5-46D5-85B9-4385E807C9FE}
		{18C0747D-5E7F-47CD-A731-007734353365} = {89D7AF44-9E59-44F5-813B-4B5E0D4FA7D9}
		{65B9E489-5E71-4640-A4D9-55DBCBF3B7E3} = {A607EB64-59C5-46D5-85B9-4385E807C9FE}
		{89D7AF44-9E59-44F5-813B-4B5E0D4FA7D9} = {65B9E489-5E71-4640-A4D9-55DBCBF3B7E3}
		{32929196-3FE4-450E-9CAA-6761F8279B1B} = {65B9E489-5E71-4640-A4D9-55DBCBF3B7E3}
		{A4634894-CA55-4BB1-9295-4E4C2E5D1A8A} = {32929196-3FE4-450E-9CAA-6761F8279B1B}
		{4D857624-0D43-45B1-8C39-C491347B058E} = {32929196-3FE4-450E-9CAA-6761F8279B1B}
		{BDDDB5FD-FD92-4075-B9FF-0ABE2A775EB6} = {89D7AF44-9E59-44F5-813B-4B5E0D4FA7D9}
	EndGlobalSection
	GlobalSection(ExtensibilityGlobals) = postSolution
		SolutionGuid = {FACAA44B-55F4-4474-A9EE-2B070EF78F6C}
	EndGlobalSection
EndGlobal
